<?xml version="1.0" encoding="utf-8"?>
<Project ToolsVersion="4.0" xmlns="http://schemas.microsoft.com/developer/msbuild/2003">
  <ItemGroup>
    <Filter Include="Arquivos de Origem">
      <UniqueIdentifier>{4FC737F1-C7A5-4376-A066-2A32D752A2FF}</UniqueIdentifier>
      <Extensions>cpp;c;cc;cxx;c++;cppm;ixx;def;odl;idl;hpj;bat;asm;asmx</Extensions>
    </Filter>
    <Filter Include="Arquivos de Cabeçalho">
      <UniqueIdentifier>{93995380-89BD-4b04-88EB-625FBE52EBFB}</UniqueIdentifier>
      <Extensions>h;hh;hpp;hxx;h++;hm;inl;inc;ipp;xsd</Extensions>
    </Filter>
    <Filter Include="Arquivos de Recurso">
      <UniqueIdentifier>{67DA6AB6-F800-4c08-8B7A-83BB121AAD01}</UniqueIdentifier>
      <Extensions>rc;ico;cur;bmp;dlg;rc2;rct;bin;rgs;gif;jpg;jpeg;jpe;resx;tiff;tif;png;wav;mfcribbon-ms</Extensions>
    </Filter>
    <Filter Include="Arquivos de Recurso\images">
      <UniqueIdentifier>{eadac94f-c41e-4d18-bcc4-357241b6b06c}</UniqueIdentifier>
    </Filter>
  </ItemGroup>
  <ItemGroup>
    <None Include="packages.config" />
  </ItemGroup>
  <ItemGroup>
    <Media Include="vader.wav">
      <Filter>Arquivos de Recurso</Filter>
    </Media>
    <Media Include="pacman_morte.wav">
      <Filter>Arquivos de Recurso</Filter>
    </Media>
    <Media Include="pacman_menu.wav">
      <Filter>Arquivos de Recurso</Filter>
    </Media>
    <Media Include="pacman_comer_semente.wav">
      <Filter>Arquivos de Recurso</Filter>
    </Media>
    <Media Include="imperial_march.wav">
      <Filter>Arquivos de Recurso</Filter>
    </Media>
  </ItemGroup>
  <ItemGroup>
    <Image Include="image.png">
      <Filter>Arquivos de Recurso\images</Filter>
    </Image>
    <Image Include="SpriteDarth2.png">
      <Filter>Arquivos de Recurso\images</Filter>
    </Image>
    <Image Include="WhatsApp Image 2022-05-25 at 10.08.51.jpeg">
      <Filter>Arquivos de Recurso\images</Filter>
    </Image>
  </ItemGroup>
  <ItemGroup>
    <ClCompile Include="Main.cpp">
      <Filter>Arquivos de Origem</Filter>
    </ClCompile>
    <ClCompile Include="Mapa.cpp">
      <Filter>Arquivos de Origem</Filter>
    </ClCompile>
    <ClCompile Include="Tijolo.cpp">
      <Filter>Arquivos de Origem</Filter>
    </ClCompile>
  </ItemGroup>
  <ItemGroup>
    <Font Include="Roboto-Regular.ttf">
      <Filter>Arquivos de Recurso</Filter>
    </Font>
  </ItemGroup>
  <ItemGroup>
    <ClInclude Include="Tijolinho.h">
      <Filter>Arquivos de Cabeçalho</Filter>
    </ClInclude>
    <ClInclude Include="Mapa.h">
      <Filter>Arquivos de Cabeçalho</Filter>
    </ClInclude>
  </ItemGroup>
</Project>