<?xml version="1.0" encoding="utf-8"?>
<Project ToolsVersion="4.0" xmlns="http://schemas.microsoft.com/developer/msbuild/2003">
  <ItemGroup>
    <Filter Include="Arquivos de Origem">
      <UniqueIdentifier>{4FC737F1-C7A5-4376-A066-2A32D752A2FF}</UniqueIdentifier>
      <Extensions>cpp;c;cc;cxx;c++;cppm;ixx;def;odl;idl;hpj;bat;asm;asmx</Extensions>
    </Filter>
    <Filter Include="Arquivos de Cabeçalho">
      <UniqueIdentifier>{93995380-89BD-4b04-88EB-625FBE52EBFB}</UniqueIdentifier>
      <Extensions>h;hh;hpp;hxx;h++;hm;inl;inc;ipp;xsd</Extensions>
    </Filter>
    <Filter Include="Arquivos de Recurso">
      <UniqueIdentifier>{67DA6AB6-F800-4c08-8B7A-83BB121AAD01}</UniqueIdentifier>
      <Extensions>rc;ico;cur;bmp;dlg;rc2;rct;bin;rgs;gif;jpg;jpeg;jpe;resx;tiff;tif;png;wav;mfcribbon-ms</Extensions>
    </Filter>
    <Filter Include="Arquivos de Recurso\Audios">
      <UniqueIdentifier>{3ffaa65b-1ac7-43dd-a93c-b36dcda26309}</UniqueIdentifier>
    </Filter>
    <Filter Include="Arquivos de Recurso\Images">
      <UniqueIdentifier>{eadac94f-c41e-4d18-bcc4-357241b6b06c}</UniqueIdentifier>
    </Filter>
    <Filter Include="Arquivos de Recurso\Fontes">
      <UniqueIdentifier>{c06ac96b-1f37-46fd-aa25-d38f7408c09a}</UniqueIdentifier>
    </Filter>
    <Filter Include="Arquivos de Origem\Bibliotecas">
      <UniqueIdentifier>{922fac9e-f6ff-4cb1-9e7c-71f6e4b3a96a}</UniqueIdentifier>
    </Filter>
    <Filter Include="Arquivos de Recurso\Arquivos">
      <UniqueIdentifier>{866fff9e-3e65-4689-9975-1d0768951353}</UniqueIdentifier>
    </Filter>
    <Filter Include="Arquivos de Origem\Bibliotecas\Mapa">
      <UniqueIdentifier>{5c22297b-1ad0-4ad3-b329-0ac686ad9ff1}</UniqueIdentifier>
    </Filter>
    <Filter Include="Arquivos de Origem\Bibliotecas\Mapa\Obejtos do Mapa">
      <UniqueIdentifier>{3547bb69-7603-424e-b57e-c15fbd96257a}</UniqueIdentifier>
    </Filter>
    <Filter Include="Arquivos de Cabeçalho\Mapa">
      <UniqueIdentifier>{dcc1b04f-a16e-452e-92c2-cd87647a38e5}</UniqueIdentifier>
    </Filter>
    <Filter Include="Arquivos de Cabeçalho\Matriz">
      <UniqueIdentifier>{b95ad9fa-0075-4fee-a340-eab97e3a6cee}</UniqueIdentifier>
    </Filter>
    <Filter Include="Arquivos de Cabeçalho\Mapa\Objetos do Mapa">
      <UniqueIdentifier>{b166cda1-22a9-4252-86c0-6aabfd5d3149}</UniqueIdentifier>
    </Filter>
    <Filter Include="Arquivos de Origem\Bibliotecas\Placar">
      <UniqueIdentifier>{1409db2a-8c91-45d0-836c-97715e78fa1e}</UniqueIdentifier>
    </Filter>
    <Filter Include="Arquivos de Cabeçalho\Placar">
      <UniqueIdentifier>{e39a5eae-c146-4687-8cc9-4a8ce5c85db6}</UniqueIdentifier>
    </Filter>
    <Filter Include="Arquivos de Origem\Bibliotecas\Entidades">
      <UniqueIdentifier>{fcf34808-917b-4883-8822-d2f1972b4730}</UniqueIdentifier>
    </Filter>
    <Filter Include="Arquivos de Origem\Bibliotecas\Entidades\Pacman">
      <UniqueIdentifier>{fd6f3a0f-2e02-4878-ac7c-b797d3571884}</UniqueIdentifier>
    </Filter>
    <Filter Include="Arquivos de Origem\Bibliotecas\Entidades\Inimigos">
      <UniqueIdentifier>{fe1d0aff-1ffb-48f2-84e1-38eff9dd8f5d}</UniqueIdentifier>
    </Filter>
    <Filter Include="Arquivos de Origem\Bibliotecas\Entidades\Base">
      <UniqueIdentifier>{6c3fc9bf-faea-4981-ab57-2eddcbea1d68}</UniqueIdentifier>
    </Filter>
    <Filter Include="Arquivos de Cabeçalho\Entidades">
      <UniqueIdentifier>{aa98f1a0-3e81-4b75-b5b7-8769a0337011}</UniqueIdentifier>
    </Filter>
    <Filter Include="Arquivos de Cabeçalho\Entidades\Base">
      <UniqueIdentifier>{d499a87f-5131-4704-ba19-4acf4a624999}</UniqueIdentifier>
    </Filter>
    <Filter Include="Arquivos de Cabeçalho\Entidades\Inimigos">
      <UniqueIdentifier>{01ae6311-bfec-482d-a371-937f37e69478}</UniqueIdentifier>
    </Filter>
    <Filter Include="Arquivos de Cabeçalho\Entidades\Pacman">
      <UniqueIdentifier>{56dfdd3d-4761-4382-87a1-6e1da8ac92ff}</UniqueIdentifier>
    </Filter>
    <Filter Include="Arquivos de Cabeçalho\Entidades\Inimigos\Movimentação">
      <UniqueIdentifier>{217df5a1-dc8c-48aa-a328-efe163ba6039}</UniqueIdentifier>
    </Filter>
    <Filter Include="Arquivos de Origem\Bibliotecas\Entidades\Inimigos\Movimentação">
      <UniqueIdentifier>{a2b223e0-c2bb-4fc3-8691-da1ed43b43bd}</UniqueIdentifier>
    </Filter>
  </ItemGroup>
  <ItemGroup>
    <None Include="packages.config" />
    <None Include="Makefile" />
  </ItemGroup>
  <ItemGroup>
    <ClCompile Include="Main.cpp">
      <Filter>Arquivos de Origem</Filter>
    </ClCompile>
    <ClCompile Include="Codigo\Matriz.cpp">
      <Filter>Arquivos de Origem\Bibliotecas</Filter>
    </ClCompile>
    <ClCompile Include="Codigo\Pirula.cpp">
      <Filter>Arquivos de Origem\Bibliotecas\Mapa\Obejtos do Mapa</Filter>
    </ClCompile>
    <ClCompile Include="Codigo\Tijolinho.cpp">
      <Filter>Arquivos de Origem\Bibliotecas\Mapa\Obejtos do Mapa</Filter>
    </ClCompile>
    <ClCompile Include="Codigo\Mapa.cpp">
      <Filter>Arquivos de Origem\Bibliotecas\Mapa</Filter>
    </ClCompile>
    <ClCompile Include="Codigo\Display.cpp">
      <Filter>Arquivos de Origem\Bibliotecas</Filter>
    </ClCompile>
    <ClCompile Include="Codigo\Pacman.cpp">
      <Filter>Arquivos de Origem\Bibliotecas\Entidades\Pacman</Filter>
    </ClCompile>
    <ClCompile Include="Codigo\Placar.cpp">
      <Filter>Arquivos de Origem\Bibliotecas\Placar</Filter>
    </ClCompile>
    <ClCompile Include="Codigo\Movimentacao.cpp">
      <Filter>Arquivos de Origem\Bibliotecas\Entidades\Base</Filter>
    </ClCompile>
    <ClCompile Include="Codigo\Inimigos.cpp">
      <Filter>Arquivos de Origem\Bibliotecas\Entidades\Inimigos</Filter>
    </ClCompile>
    <ClCompile Include="Codigo\Aleatorios.cpp">
      <Filter>Arquivos de Origem\Bibliotecas\Entidades\Inimigos\Movimentação</Filter>
    </ClCompile>
    <ClCompile Include="Codigo\Perseguidor.cpp">
      <Filter>Arquivos de Origem\Bibliotecas\Entidades\Inimigos\Movimentação</Filter>
    </ClCompile>
  </ItemGroup>
  <ItemGroup>
    <ClInclude Include="Codigo\StructMatriz.h">
      <Filter>Arquivos de Cabeçalho\Matriz</Filter>
    </ClInclude>
    <ClInclude Include="Codigo\Matriz.h">
      <Filter>Arquivos de Cabeçalho\Matriz</Filter>
    </ClInclude>
    <ClInclude Include="Codigo\Mapa.h">
      <Filter>Arquivos de Cabeçalho\Mapa</Filter>
    </ClInclude>
    <ClInclude Include="Codigo\Pirula.h">
      <Filter>Arquivos de Cabeçalho\Mapa\Objetos do Mapa</Filter>
    </ClInclude>
    <ClInclude Include="Codigo\Tijolinho.h">
      <Filter>Arquivos de Cabeçalho\Mapa\Objetos do Mapa</Filter>
    </ClInclude>
    <ClInclude Include="Codigo\Display.h">
      <Filter>Arquivos de Cabeçalho</Filter>
    </ClInclude>
    <ClInclude Include="Codigo\Pacman.h">
      <Filter>Arquivos de Cabeçalho\Entidades\Pacman</Filter>
    </ClInclude>
    <ClInclude Include="Codigo\Placar.h">
      <Filter>Arquivos de Cabeçalho\Placar</Filter>
    </ClInclude>
    <ClInclude Include="Codigo\Movimentacao.h">
      <Filter>Arquivos de Cabeçalho\Entidades\Base</Filter>
    </ClInclude>
    <ClInclude Include="Codigo\Inimigos.h">
      <Filter>Arquivos de Cabeçalho\Entidades\Inimigos</Filter>
    </ClInclude>
    <ClInclude Include="Codigo\Aleatorios.h">
      <Filter>Arquivos de Cabeçalho\Entidades\Inimigos\Movimentação</Filter>
    </ClInclude>
    <ClInclude Include="Codigo\Perseguidor.h">
      <Filter>Arquivos de Cabeçalho\Entidades\Inimigos\Movimentação</Filter>
    </ClInclude>
  </ItemGroup>
  <ItemGroup>
    <Image Include="Images\bloco.png">
      <Filter>Arquivos de Recurso\Images</Filter>
    </Image>
    <Image Include="Images\mapa.png">
      <Filter>Arquivos de Recurso\Images</Filter>
    </Image>
    <Image Include="Images\Pacman.png">
      <Filter>Arquivos de Recurso\Images</Filter>
    </Image>
    <Image Include="Images\trans.png">
      <Filter>Arquivos de Recurso\Images</Filter>
    </Image>
  </ItemGroup>
  <ItemGroup>
    <Text Include="Arquivos\Mapa.txt">
      <Filter>Arquivos de Recurso\Arquivos</Filter>
    </Text>
  </ItemGroup>
  <ItemGroup>
    <Font Include="Fonts\Roboto-Regular.ttf">
      <Filter>Arquivos de Recurso\Fontes</Filter>
    </Font>
  </ItemGroup>
  <ItemGroup>
    <Media Include="Audios\pacman_comer_semente.wav">
      <Filter>Arquivos de Recurso\Audios</Filter>
    </Media>
    <Media Include="Audios\pacman_menu.wav">
      <Filter>Arquivos de Recurso\Audios</Filter>
    </Media>
    <Media Include="Audios\pacman_morte.wav">
      <Filter>Arquivos de Recurso\Audios</Filter>
    </Media>
  </ItemGroup>
</Project>